
Microsoft Visual Studio Solution File, Format Version 12.00
# Visual Studio Version 17
VisualStudioVersion = 17.1.32228.430
MinimumVisualStudioVersion = 10.0.40219.1
Project("{FAE04EC0-301F-11D3-BF4B-00C04F79EFBC}") = "LinqQueries3", "LinqQueries3\LinqQueries3.csproj", "{0A9238F5-8EBC-4847-B493-9C467E3CCC5E}"
EndProject
Global
	GlobalSection(SolutionConfigurationPlatforms) = preSolution
		Debug|Any CPU = Debug|Any CPU
		Release|Any CPU = Release|Any CPU
	EndGlobalSection
	GlobalSection(ProjectConfigurationPlatforms) = postSolution
		{0A9238F5-8EBC-4847-B493-9C467E3CCC5E}.Debug|Any CPU.ActiveCfg = Debug|Any CPU
		{0A9238F5-8EBC-4847-B493-9C467E3CCC5E}.Debug|Any CPU.Build.0 = Debug|Any CPU
		{0A9238F5-8EBC-4847-B493-9C467E3CCC5E}.Release|Any CPU.ActiveCfg = Release|Any CPU
		{0A9238F5-8EBC-4847-B493-9C467E3CCC5E}.Release|Any CPU.Build.0 = Release|Any CPU
	EndGlobalSection
	GlobalSection(SolutionProperties) = preSolution
		HideSolutionNode = FALSE
	EndGlobalSection
	GlobalSection(ExtensibilityGlobals) = postSolution
		SolutionGuid = {7C17C41A-CDC2-49AA-9F52-96ABC2016AB0}
	EndGlobalSection
EndGlobal
